
Microsoft Visual Studio Solution File, Format Version 12.00
# Visual Studio 15
VisualStudioVersion = 15.0.28307.705
MinimumVisualStudioVersion = 10.0.40219.1
Project("{FAE04EC0-301F-11D3-BF4B-00C04F79EFBC}") = "StockManage", "StockManage.csproj", "{294AF40B-94D8-4290-B0E5-3BF13FF97FAA}"
EndProject
Global
	GlobalSection(SolutionConfigurationPlatforms) = preSolution
		Debug|Any CPU = Debug|Any CPU
		Release|Any CPU = Release|Any CPU
	EndGlobalSection
	GlobalSection(ProjectConfigurationPlatforms) = postSolution
		{294AF40B-94D8-4290-B0E5-3BF13FF97FAA}.Debug|Any CPU.ActiveCfg = Debug|Any CPU
		{294AF40B-94D8-4290-B0E5-3BF13FF97FAA}.Debug|Any CPU.Build.0 = Debug|Any CPU
		{294AF40B-94D8-4290-B0E5-3BF13FF97FAA}.Release|Any CPU.ActiveCfg = Release|Any CPU
		{294AF40B-94D8-4290-B0E5-3BF13FF97FAA}.Release|Any CPU.Build.0 = Release|Any CPU
	EndGlobalSection
	GlobalSection(SolutionProperties) = preSolution
		HideSolutionNode = FALSE
	EndGlobalSection
	GlobalSection(ExtensibilityGlobals) = postSolution
		SolutionGuid = {E0B48AD8-0777-460E-A92D-F099D68765AC}
	EndGlobalSection
EndGlobal
